# This file is automatically @generated by Cargo.
# It is not intended for manual editing.
[[package]]
name = "glob"
version = "0.3.0"
source = "registry+https://github.com/rust-lang/crates.io-index"

[[package]]
name = "hello_cargo"
version = "0.1.0"
dependencies = [
 "glob 0.3.0 (registry+https://github.com/rust-lang/crates.io-index)",
 "serde_json 1.0.55 (registry+https://github.com/rust-lang/crates.io-index)",
]

[[package]]
name = "itoa"
version = "0.4.6"
source = "registry+https://github.com/rust-lang/crates.io-index"

[[package]]
name = "ryu"
version = "1.0.5"
source = "registry+https://github.com/rust-lang/crates.io-index"

[[package]]
name = "serde"
version = "1.0.114"
source = "registry+https://github.com/rust-lang/crates.io-index"

[[package]]
name = "serde_json"
version = "1.0.55"
source = "registry+https://github.com/rust-lang/crates.io-index"
dependencies = [
 "itoa 0.4.6 (registry+https://github.com/rust-lang/crates.io-index)",
 "ryu 1.0.5 (registry+https://github.com/rust-lang/crates.io-index)",
 "serde 1.0.114 (registry+https://github.com/rust-lang/crates.io-index)",
]

[metadata]
"checksum glob 0.3.0 (registry+https://github.com/rust-lang/crates.io-index)" = "9b919933a397b79c37e33b77bb2aa3dc8eb6e165ad809e58ff75bc7db2e34574"
"checksum itoa 0.4.6 (registry+https://github.com/rust-lang/crates.io-index)" = "dc6f3ad7b9d11a0c00842ff8de1b60ee58661048eb8049ed33c73594f359d7e6"
"checksum ryu 1.0.5 (registry+https://github.com/rust-lang/crates.io-index)" = "71d301d4193d031abdd79ff7e3dd721168a9572ef3fe51a1517aba235bd8f86e"
"checksum serde 1.0.114 (registry+https://github.com/rust-lang/crates.io-index)" = "5317f7588f0a5078ee60ef675ef96735a1442132dc645eb1d12c018620ed8cd3"
"checksum serde_json 1.0.55 (registry+https://github.com/rust-lang/crates.io-index)" = "ec2c5d7e739bc07a3e73381a39d61fdb5f671c60c1df26a130690665803d8226"
